
Microsoft Visual Studio Solution File, Format Version 12.00
# Visual Studio Version 17
VisualStudioVersion = 17.5.002.0
MinimumVisualStudioVersion = 10.0.40219.1
Project("{2150E333-8FDC-42A3-9474-1A3956D46DE8}") = "Back", "Back", "{9C2F84B9-74C1-4301-99F3-2893A8591D51}"
EndProject
Project("{2150E333-8FDC-42A3-9474-1A3956D46DE8}") = "src", "src", "{49680177-A9C0-4ACC-A68F-F1A362736328}"
EndProject
Project("{9A19103F-16F7-4668-BE54-9A1E7A4F7556}") = "ProEventos.API", "Back\src\ProEventos.API\ProEventos.API.csproj", "{3D25161D-7A77-42BC-9E53-CB49221C7DEB}"
EndProject
Global
	GlobalSection(SolutionConfigurationPlatforms) = preSolution
		Debug|Any CPU = Debug|Any CPU
		Release|Any CPU = Release|Any CPU
	EndGlobalSection
	GlobalSection(ProjectConfigurationPlatforms) = postSolution
		{3D25161D-7A77-42BC-9E53-CB49221C7DEB}.Debug|Any CPU.ActiveCfg = Debug|Any CPU
		{3D25161D-7A77-42BC-9E53-CB49221C7DEB}.Debug|Any CPU.Build.0 = Debug|Any CPU
		{3D25161D-7A77-42BC-9E53-CB49221C7DEB}.Release|Any CPU.ActiveCfg = Release|Any CPU
		{3D25161D-7A77-42BC-9E53-CB49221C7DEB}.Release|Any CPU.Build.0 = Release|Any CPU
	EndGlobalSection
	GlobalSection(SolutionProperties) = preSolution
		HideSolutionNode = FALSE
	EndGlobalSection
	GlobalSection(NestedProjects) = preSolution
		{49680177-A9C0-4ACC-A68F-F1A362736328} = {9C2F84B9-74C1-4301-99F3-2893A8591D51}
		{3D25161D-7A77-42BC-9E53-CB49221C7DEB} = {49680177-A9C0-4ACC-A68F-F1A362736328}
	EndGlobalSection
	GlobalSection(ExtensibilityGlobals) = postSolution
		SolutionGuid = {0526E893-211E-4746-8835-DBCA4A013D5D}
	EndGlobalSection
EndGlobal
